
Microsoft Visual Studio Solution File, Format Version 12.00
# Visual Studio 15
Project("{FAE04EC0-301F-11D3-BF4B-00C04F79EFBC}") = "Assembly-CSharp", "Assembly-CSharp.csproj", "{584E6DFA-2501-CA63-27F7-0A8AEAF220AD}"
EndProject
Project("{FAE04EC0-301F-11D3-BF4B-00C04F79EFBC}") = "Assembly-CSharp-Editor", "Assembly-CSharp-Editor.csproj", "{93068953-6449-12A1-A6CA-F84DBD7D47BA}"
EndProject
Global
	GlobalSection(SolutionConfigurationPlatforms) = preSolution
		Debug|Any CPU = Debug|Any CPU
		Release|Any CPU = Release|Any CPU
	EndGlobalSection
	GlobalSection(ProjectConfigurationPlatforms) = postSolution
		{584E6DFA-2501-CA63-27F7-0A8AEAF220AD}.Debug|Any CPU.ActiveCfg = Debug|Any CPU
		{584E6DFA-2501-CA63-27F7-0A8AEAF220AD}.Debug|Any CPU.Build.0 = Debug|Any CPU
		{584E6DFA-2501-CA63-27F7-0A8AEAF220AD}.Release|Any CPU.ActiveCfg = Release|Any CPU
		{584E6DFA-2501-CA63-27F7-0A8AEAF220AD}.Release|Any CPU.Build.0 = Release|Any CPU
		{93068953-6449-12A1-A6CA-F84DBD7D47BA}.Debug|Any CPU.ActiveCfg = Debug|Any CPU
		{93068953-6449-12A1-A6CA-F84DBD7D47BA}.Debug|Any CPU.Build.0 = Debug|Any CPU
		{93068953-6449-12A1-A6CA-F84DBD7D47BA}.Release|Any CPU.ActiveCfg = Release|Any CPU
		{93068953-6449-12A1-A6CA-F84DBD7D47BA}.Release|Any CPU.Build.0 = Release|Any CPU
	EndGlobalSection
	GlobalSection(SolutionProperties) = preSolution
		HideSolutionNode = FALSE
	EndGlobalSection
EndGlobal
